// !$*UTF8*$!
{
	archiveVersion = 1;
	classes = {
	};
	objectVersion = 56;
	objects = {

/* Begin PBXBuildFile section */
		81A8AA571B09B960C713F89E /* Pods_PhotoTidy_Toilet_Buddy.framework in Frameworks */ = {isa = PBXBuildFile; fileRef = A3CAAB1287CD5FA3B8E9A908 /* Pods_PhotoTidy_Toilet_Buddy.framework */; };
		A1000001000000000000001 /* PhotoTidyToiletBuddyApp.swift in Sources */ = {isa = PBXBuildFile; fileRef = A1000002000000000000001 /* PhotoTidyToiletBuddyApp.swift */; };
		A1000003000000000000001 /* ContentView.swift in Sources */ = {isa = PBXBuildFile; fileRef = A1000004000000000000001 /* ContentView.swift */; };
		A1000005000000000000001 /* AdManager.swift in Sources */ = {isa = PBXBuildFile; fileRef = A1000006000000000000001 /* AdManager.swift */; };
		A1000006100000000000001 /* AdFreeManager.swift in Sources */ = {isa = PBXBuildFile; fileRef = A1000006200000000000001 /* AdFreeManager.swift */; };
		A1000007000000000000001 /* Assets.xcassets in Resources */ = {isa = PBXBuildFile; fileRef = A1000008000000000000001 /* Assets.xcassets */; };
		A1000025000000000000001 /* PhotoService.swift in Sources */ = {isa = PBXBuildFile; fileRef = A1000026000000000000001 /* PhotoService.swift */; };
		A1000027000000000000001 /* TidySessionViewModel.swift in Sources */ = {isa = PBXBuildFile; fileRef = A1000028000000000000001 /* TidySessionViewModel.swift */; };
		A1000029000000000000001 /* SessionSetupView.swift in Sources */ = {isa = PBXBuildFile; fileRef = A1000030000000000000001 /* SessionSetupView.swift */; };
		A1000031000000000000001 /* AdvancedFilterView.swift in Sources */ = {isa = PBXBuildFile; fileRef = A1000032000000000000001 /* AdvancedFilterView.swift */; };
		A1000033000000000000001 /* CardReviewView.swift in Sources */ = {isa = PBXBuildFile; fileRef = A1000034000000000000001 /* CardReviewView.swift */; };
		A1000035000000000000001 /* SessionCompleteView.swift in Sources */ = {isa = PBXBuildFile; fileRef = A1000036000000000000001 /* SessionCompleteView.swift */; };
		A1000037000000000000001 /* Settings.swift in Sources */ = {isa = PBXBuildFile; fileRef = A1000038000000000000001 /* Settings.swift */; };
		A1000039000000000000001 /* SettingsManager.swift in Sources */ = {isa = PBXBuildFile; fileRef = A1000040000000000000001 /* SettingsManager.swift */; };
		A1000041000000000000001 /* SettingsView.swift in Sources */ = {isa = PBXBuildFile; fileRef = A1000042000000000000001 /* SettingsView.swift */; };
		L0A26B06D07CB4206AA3FBEC /* Localizable.strings in Resources */ = {isa = PBXBuildFile; fileRef = L4B8D52D2D00C47FFB434585 /* Localizable.strings */; };
		L82BA282EC0FB4C9F9B24856 /* EmptyStateView.swift in Sources */ = {isa = PBXBuildFile; fileRef = LB82761FD75C2438F9F83B30 /* EmptyStateView.swift */; };
		LF276D1C9303F45D19691880 /* Localization.swift in Sources */ = {isa = PBXBuildFile; fileRef = L2388FAA8EE2A41BA88B5140 /* Localization.swift */; };
		NEW00001000000000000001 /* Logger.swift in Sources */ = {isa = PBXBuildFile; fileRef = NEW00002000000000000001 /* Logger.swift */; };
		NEW00003000000000000001 /* PredicateBuilder.swift in Sources */ = {isa = PBXBuildFile; fileRef = NEW00004000000000000001 /* PredicateBuilder.swift */; };
		NEW00005000000000000001 /* LivePhotoView.swift in Sources */ = {isa = PBXBuildFile; fileRef = NEW00006000000000000001 /* LivePhotoView.swift */; };
		NEW00007000000000000001 /* VideoPlayerControlView.swift in Sources */ = {isa = PBXBuildFile; fileRef = NEW00008000000000000001 /* VideoPlayerControlView.swift */; };
		NEW00009000000000000001 /* MediaGestureModifiers.swift in Sources */ = {isa = PBXBuildFile; fileRef = NEW00010000000000000001 /* MediaGestureModifiers.swift */; };
		NEW00011000000000000001 /* MediaTypes.swift in Sources */ = {isa = PBXBuildFile; fileRef = NEW00012000000000000001 /* MediaTypes.swift */; };
		NEW00013000000000000001 /* SupportingViews.swift in Sources */ = {isa = PBXBuildFile; fileRef = NEW00014000000000000001 /* SupportingViews.swift */; };
/* End PBXBuildFile section */

/* Begin PBXFileReference section */
		23A2E990B576D946BCCEC429 /* Pods-PhotoTidy-Toilet Buddy.debug.xcconfig */ = {isa = PBXFileReference; includeInIndex = 1; lastKnownFileType = text.xcconfig; name = "Pods-PhotoTidy-Toilet Buddy.debug.xcconfig"; path = "Target Support Files/Pods-PhotoTidy-Toilet Buddy/Pods-PhotoTidy-Toilet Buddy.debug.xcconfig"; sourceTree = "<group>"; };
		A1000002000000000000001 /* PhotoTidyToiletBuddyApp.swift */ = {isa = PBXFileReference; lastKnownFileType = sourcecode.swift; path = PhotoTidyToiletBuddyApp.swift; sourceTree = "<group>"; };
		A1000004000000000000001 /* ContentView.swift */ = {isa = PBXFileReference; lastKnownFileType = sourcecode.swift; path = ContentView.swift; sourceTree = "<group>"; };
		A1000006000000000000001 /* AdManager.swift */ = {isa = PBXFileReference; lastKnownFileType = sourcecode.swift; path = AdManager.swift; sourceTree = "<group>"; };
		A1000006200000000000001 /* AdFreeManager.swift */ = {isa = PBXFileReference; lastKnownFileType = sourcecode.swift; path = AdFreeManager.swift; sourceTree = "<group>"; };
		A1000008000000000000001 /* Assets.xcassets */ = {isa = PBXFileReference; lastKnownFileType = folder.assetcatalog; path = Assets.xcassets; sourceTree = "<group>"; };
		A1000009000000000000001 /* PhotoTidy-Toilet Buddy.app */ = {isa = PBXFileReference; explicitFileType = wrapper.application; includeInIndex = 0; path = "PhotoTidy-Toilet Buddy.app"; sourceTree = BUILT_PRODUCTS_DIR; };
		A1000010000000000000001 /* Info.plist */ = {isa = PBXFileReference; lastKnownFileType = text.plist.xml; path = Info.plist; sourceTree = "<group>"; };
		A1000026000000000000001 /* PhotoService.swift */ = {isa = PBXFileReference; lastKnownFileType = sourcecode.swift; path = PhotoService.swift; sourceTree = "<group>"; };
		A1000028000000000000001 /* TidySessionViewModel.swift */ = {isa = PBXFileReference; lastKnownFileType = sourcecode.swift; path = TidySessionViewModel.swift; sourceTree = "<group>"; };
		A1000030000000000000001 /* SessionSetupView.swift */ = {isa = PBXFileReference; lastKnownFileType = sourcecode.swift; path = SessionSetupView.swift; sourceTree = "<group>"; };
		A1000032000000000000001 /* AdvancedFilterView.swift */ = {isa = PBXFileReference; lastKnownFileType = sourcecode.swift; path = AdvancedFilterView.swift; sourceTree = "<group>"; };
		A1000034000000000000001 /* CardReviewView.swift */ = {isa = PBXFileReference; lastKnownFileType = sourcecode.swift; path = CardReviewView.swift; sourceTree = "<group>"; };
		A1000036000000000000001 /* SessionCompleteView.swift */ = {isa = PBXFileReference; lastKnownFileType = sourcecode.swift; path = SessionCompleteView.swift; sourceTree = "<group>"; };
		A1000038000000000000001 /* Settings.swift */ = {isa = PBXFileReference; lastKnownFileType = sourcecode.swift; path = Settings.swift; sourceTree = "<group>"; };
		A1000040000000000000001 /* SettingsManager.swift */ = {isa = PBXFileReference; lastKnownFileType = sourcecode.swift; path = SettingsManager.swift; sourceTree = "<group>"; };
		A1000042000000000000001 /* SettingsView.swift */ = {isa = PBXFileReference; lastKnownFileType = sourcecode.swift; path = SettingsView.swift; sourceTree = "<group>"; };
		A3CAAB1287CD5FA3B8E9A908 /* Pods_PhotoTidy_Toilet_Buddy.framework */ = {isa = PBXFileReference; explicitFileType = wrapper.framework; includeInIndex = 0; path = Pods_PhotoTidy_Toilet_Buddy.framework; sourceTree = BUILT_PRODUCTS_DIR; };
		C3F7062DCAA2022517302655 /* Pods-PhotoTidy-Toilet Buddy.release.xcconfig */ = {isa = PBXFileReference; includeInIndex = 1; lastKnownFileType = text.xcconfig; name = "Pods-PhotoTidy-Toilet Buddy.release.xcconfig"; path = "Target Support Files/Pods-PhotoTidy-Toilet Buddy/Pods-PhotoTidy-Toilet Buddy.release.xcconfig"; sourceTree = "<group>"; };
		L2388FAA8EE2A41BA88B5140 /* Localization.swift */ = {isa = PBXFileReference; lastKnownFileType = sourcecode.swift; path = Localization.swift; sourceTree = "<group>"; };
		L2713C566A48041D4A43EF51 /* en */ = {isa = PBXFileReference; lastKnownFileType = text.plist.strings; name = en; path = en.lproj/Localizable.strings; sourceTree = "<group>"; };
		L9F03AD94C1664952ADE46B8 /* zh-Hans */ = {isa = PBXFileReference; lastKnownFileType = text.plist.strings; name = "zh-Hans"; path = "zh-Hans.lproj/Localizable.strings"; sourceTree = "<group>"; };
		LB82761FD75C2438F9F83B30 /* EmptyStateView.swift */ = {isa = PBXFileReference; lastKnownFileType = sourcecode.swift; path = EmptyStateView.swift; sourceTree = "<group>"; };
		NEW00002000000000000001 /* Logger.swift */ = {isa = PBXFileReference; lastKnownFileType = sourcecode.swift; path = Logger.swift; sourceTree = "<group>"; };
		NEW00004000000000000001 /* PredicateBuilder.swift */ = {isa = PBXFileReference; lastKnownFileType = sourcecode.swift; path = PredicateBuilder.swift; sourceTree = "<group>"; };
		NEW00006000000000000001 /* LivePhotoView.swift */ = {isa = PBXFileReference; lastKnownFileType = sourcecode.swift; path = LivePhotoView.swift; sourceTree = "<group>"; };
		NEW00008000000000000001 /* VideoPlayerControlView.swift */ = {isa = PBXFileReference; lastKnownFileType = sourcecode.swift; path = VideoPlayerControlView.swift; sourceTree = "<group>"; };
		NEW00010000000000000001 /* MediaGestureModifiers.swift */ = {isa = PBXFileReference; lastKnownFileType = sourcecode.swift; path = MediaGestureModifiers.swift; sourceTree = "<group>"; };
		NEW00012000000000000001 /* MediaTypes.swift */ = {isa = PBXFileReference; lastKnownFileType = sourcecode.swift; path = MediaTypes.swift; sourceTree = "<group>"; };
		NEW00014000000000000001 /* SupportingViews.swift */ = {isa = PBXFileReference; lastKnownFileType = sourcecode.swift; path = SupportingViews.swift; sourceTree = "<group>"; };
/* End PBXFileReference section */

/* Begin PBXFrameworksBuildPhase section */
		A1000011000000000000001 /* Frameworks */ = {
			isa = PBXFrameworksBuildPhase;
			buildActionMask = 2147483647;
			files = (
				81A8AA571B09B960C713F89E /* Pods_PhotoTidy_Toilet_Buddy.framework in Frameworks */,
			);
			runOnlyForDeploymentPostprocessing = 0;
		};
/* End PBXFrameworksBuildPhase section */

/* Begin PBXGroup section */
		88218F09FCCF6C9F8FDEB7E1 /* Frameworks */ = {
			isa = PBXGroup;
			children = (
				A3CAAB1287CD5FA3B8E9A908 /* Pods_PhotoTidy_Toilet_Buddy.framework */,
			);
			name = Frameworks;
			sourceTree = "<group>";
		};
		8CEBC7CC0554D6D06BC9E624 /* Pods */ = {
			isa = PBXGroup;
			children = (
				23A2E990B576D946BCCEC429 /* Pods-PhotoTidy-Toilet Buddy.debug.xcconfig */,
				C3F7062DCAA2022517302655 /* Pods-PhotoTidy-Toilet Buddy.release.xcconfig */,
			);
			path = Pods;
			sourceTree = "<group>";
		};
		A1000012000000000000001 = {
			isa = PBXGroup;
			children = (
				A1000013000000000000001 /* PhotoTidy-Toilet Buddy */,
				A1000014000000000000001 /* Products */,
				8CEBC7CC0554D6D06BC9E624 /* Pods */,
				88218F09FCCF6C9F8FDEB7E1 /* Frameworks */,
			);
			sourceTree = "<group>";
		};
		A1000013000000000000001 /* PhotoTidy-Toilet Buddy */ = {
			isa = PBXGroup;
			children = (
				A1000002000000000000001 /* PhotoTidyToiletBuddyApp.swift */,
				A1000004000000000000001 /* ContentView.swift */,
				NEW00015000000000000001 /* Utils */,
				NEW00016000000000000001 /* Services */,
				NEW00017000000000000001 /* Views */,
				A1000030000000000000001 /* SessionSetupView.swift */,
				A1000034000000000000001 /* CardReviewView.swift */,
				A1000036000000000000001 /* SessionCompleteView.swift */,
				A1000032000000000000001 /* AdvancedFilterView.swift */,
				LB82761FD75C2438F9F83B30 /* EmptyStateView.swift */,
				A1000038000000000000001 /* Settings.swift */,
				A1000040000000000000001 /* SettingsManager.swift */,
				A1000042000000000000001 /* SettingsView.swift */,
				A1000028000000000000001 /* TidySessionViewModel.swift */,
				A1000006000000000000001 /* AdManager.swift */,
				A1000006200000000000001 /* AdFreeManager.swift */,
				A1000026000000000000001 /* PhotoService.swift */,
				L2388FAA8EE2A41BA88B5140 /* Localization.swift */,
				L4B8D52D2D00C47FFB434585 /* Localizable.strings */,
				A1000008000000000000001 /* Assets.xcassets */,
				A1000010000000000000001 /* Info.plist */,
			);
			path = "PhotoTidy-Toilet Buddy";
			sourceTree = "<group>";
		};
		A1000014000000000000001 /* Products */ = {
			isa = PBXGroup;
			children = (
				A1000009000000000000001 /* PhotoTidy-Toilet Buddy.app */,
			);
			name = Products;
			sourceTree = "<group>";
		};
		NEW00015000000000000001 /* Utils */ = {
			isa = PBXGroup;
			children = (
				NEW00002000000000000001 /* Logger.swift */,
			);
			path = Utils;
			sourceTree = "<group>";
		};
		NEW00016000000000000001 /* Services */ = {
			isa = PBXGroup;
			children = (
				NEW00004000000000000001 /* PredicateBuilder.swift */,
			);
			path = Services;
			sourceTree = "<group>";
		};
		NEW00017000000000000001 /* Views */ = {
			isa = PBXGroup;
			children = (
				NEW00006000000000000001 /* LivePhotoView.swift */,
				NEW00008000000000000001 /* VideoPlayerControlView.swift */,
				NEW00010000000000000001 /* MediaGestureModifiers.swift */,
				NEW00012000000000000001 /* MediaTypes.swift */,
				NEW00014000000000000001 /* SupportingViews.swift */,
			);
			path = Views;
			sourceTree = "<group>";
		};
/* End PBXGroup section */

/* Begin PBXNativeTarget section */
		A1000015000000000000001 /* PhotoTidy-Toilet Buddy */ = {
			isa = PBXNativeTarget;
			buildConfigurationList = A1000016000000000000001 /* Build configuration list for PBXNativeTarget "PhotoTidy-Toilet Buddy" */;
			buildPhases = (
				61860D9B6CF9CF2963CEB9C7 /* [CP] Check Pods Manifest.lock */,
				A1000017000000000000001 /* Sources */,
				A1000011000000000000001 /* Frameworks */,
				A1000018000000000000001 /* Resources */,
				C4EFD672B607BA7711A7C30D /* [CP] Copy Pods Resources */,
			);
			buildRules = (
			);
			dependencies = (
			);
			name = "PhotoTidy-Toilet Buddy";
			productName = "PhotoTidy-Toilet Buddy";
			productReference = A1000009000000000000001 /* PhotoTidy-Toilet Buddy.app */;
			productType = "com.apple.product-type.application";
		};
/* End PBXNativeTarget section */

/* Begin PBXProject section */
		A1000019000000000000001 /* Project object */ = {
			isa = PBXProject;
			attributes = {
				BuildIndependentTargetsInParallel = 1;
				LastSwiftUpdateCheck = 1500;
				LastUpgradeCheck = 1500;
				TargetAttributes = {
					A1000015000000000000001 = {
						CreatedOnToolsVersion = 15.0;
					};
				};
			};
			buildConfigurationList = A1000020000000000000001 /* Build configuration list for PBXProject "PhotoTidy-Toilet Buddy" */;
			compatibilityVersion = "Xcode 14.0";
			developmentRegion = en;
			hasScannedForEncodings = 0;
			knownRegions = (
				en,
				Base,
				"zh-Hans",
			);
			mainGroup = A1000012000000000000001;
			productRefGroup = A1000014000000000000001 /* Products */;
			projectDirPath = "";
			projectRoot = "";
			targets = (
				A1000015000000000000001 /* PhotoTidy-Toilet Buddy */,
			);
		};
/* End PBXProject section */

/* Begin PBXResourcesBuildPhase section */
		A1000018000000000000001 /* Resources */ = {
			isa = PBXResourcesBuildPhase;
			buildActionMask = 2147483647;
			files = (
				A1000007000000000000001 /* Assets.xcassets in Resources */,
				L0A26B06D07CB4206AA3FBEC /* Localizable.strings in Resources */,
			);
			runOnlyForDeploymentPostprocessing = 0;
		};
/* End PBXResourcesBuildPhase section */

/* Begin PBXShellScriptBuildPhase section */
		61860D9B6CF9CF2963CEB9C7 /* [CP] Check Pods Manifest.lock */ = {
			isa = PBXShellScriptBuildPhase;
			buildActionMask = 2147483647;
			files = (
			);
			inputFileListPaths = (
			);
			inputPaths = (
				"${PODS_PODFILE_DIR_PATH}/Podfile.lock",
				"${PODS_ROOT}/Manifest.lock",
			);
			name = "[CP] Check Pods Manifest.lock";
			outputFileListPaths = (
			);
			outputPaths = (
				"$(DERIVED_FILE_DIR)/Pods-PhotoTidy-Toilet Buddy-checkManifestLockResult.txt",
			);
			runOnlyForDeploymentPostprocessing = 0;
			shellPath = /bin/sh;
			shellScript = "diff \"${PODS_PODFILE_DIR_PATH}/Podfile.lock\" \"${PODS_ROOT}/Manifest.lock\" > /dev/null\nif [ $? != 0 ] ; then\n    # print error to STDERR\n    echo \"error: The sandbox is not in sync with the Podfile.lock. Run 'pod install' or update your CocoaPods installation.\" >&2\n    exit 1\nfi\n# This output is used by Xcode 'outputs' to avoid re-running this script phase.\necho \"SUCCESS\" > \"${SCRIPT_OUTPUT_FILE_0}\"\n";
			showEnvVarsInLog = 0;
		};
		C4EFD672B607BA7711A7C30D /* [CP] Copy Pods Resources */ = {
			isa = PBXShellScriptBuildPhase;
			buildActionMask = 2147483647;
			files = (
			);
			inputFileListPaths = (
				"${PODS_ROOT}/Target Support Files/Pods-PhotoTidy-Toilet Buddy/Pods-PhotoTidy-Toilet Buddy-resources-${CONFIGURATION}-input-files.xcfilelist",
			);
			name = "[CP] Copy Pods Resources";
			outputFileListPaths = (
				"${PODS_ROOT}/Target Support Files/Pods-PhotoTidy-Toilet Buddy/Pods-PhotoTidy-Toilet Buddy-resources-${CONFIGURATION}-output-files.xcfilelist",
			);
			runOnlyForDeploymentPostprocessing = 0;
			shellPath = /bin/sh;
			shellScript = "\"${PODS_ROOT}/Target Support Files/Pods-PhotoTidy-Toilet Buddy/Pods-PhotoTidy-Toilet Buddy-resources.sh\"\n";
			showEnvVarsInLog = 0;
		};
/* End PBXShellScriptBuildPhase section */

/* Begin PBXSourcesBuildPhase section */
		A1000017000000000000001 /* Sources */ = {
			isa = PBXSourcesBuildPhase;
			buildActionMask = 2147483647;
			files = (
				LF276D1C9303F45D19691880 /* Localization.swift in Sources */,
				L82BA282EC0FB4C9F9B24856 /* EmptyStateView.swift in Sources */,
				A1000003000000000000001 /* ContentView.swift in Sources */,
				A1000029000000000000001 /* SessionSetupView.swift in Sources */,
				A1000033000000000000001 /* CardReviewView.swift in Sources */,
				A1000035000000000000001 /* SessionCompleteView.swift in Sources */,
				A1000031000000000000001 /* AdvancedFilterView.swift in Sources */,
				A1000037000000000000001 /* Settings.swift in Sources */,
				A1000039000000000000001 /* SettingsManager.swift in Sources */,
				A1000041000000000000001 /* SettingsView.swift in Sources */,
				A1000027000000000000001 /* TidySessionViewModel.swift in Sources */,
				A1000005000000000000001 /* AdManager.swift in Sources */,
				A1000006100000000000001 /* AdFreeManager.swift in Sources */,
				A1000025000000000000001 /* PhotoService.swift in Sources */,
				A1000001000000000000001 /* PhotoTidyToiletBuddyApp.swift in Sources */,
				NEW00001000000000000001 /* Logger.swift in Sources */,
				NEW00003000000000000001 /* PredicateBuilder.swift in Sources */,
				NEW00005000000000000001 /* LivePhotoView.swift in Sources */,
				NEW00007000000000000001 /* VideoPlayerControlView.swift in Sources */,
				NEW00009000000000000001 /* MediaGestureModifiers.swift in Sources */,
				NEW00011000000000000001 /* MediaTypes.swift in Sources */,
				NEW00013000000000000001 /* SupportingViews.swift in Sources */,
			);
			runOnlyForDeploymentPostprocessing = 0;
		};
/* End PBXSourcesBuildPhase section */

/* Begin PBXVariantGroup section */
		L4B8D52D2D00C47FFB434585 /* Localizable.strings */ = {
			isa = PBXVariantGroup;
			children = (
				L9F03AD94C1664952ADE46B8 /* zh-Hans */,
				L2713C566A48041D4A43EF51 /* en */,
			);
			name = Localizable.strings;
			sourceTree = "<group>";
		};
/* End PBXVariantGroup section */

/* Begin XCBuildConfiguration section */
		A1000021000000000000001 /* Debug */ = {
			isa = XCBuildConfiguration;
			buildSettings = {
				ALWAYS_SEARCH_USER_PATHS = NO;
				ASSETCATALOG_COMPILER_GENERATE_SWIFT_ASSET_SYMBOL_EXTENSIONS = YES;
				CLANG_ANALYZER_NONNULL = YES;
				CLANG_ANALYZER_NUMBER_OBJECT_CONVERSION = YES_AGGRESSIVE;
				CLANG_CXX_LANGUAGE_STANDARD = "gnu++20";
				CLANG_ENABLE_MODULES = YES;
				CLANG_ENABLE_OBJC_ARC = YES;
				CLANG_ENABLE_OBJC_WEAK = YES;
				CLANG_WARN_BLOCK_CAPTURE_AUTORELEASING = YES;
				CLANG_WARN_BOOL_CONVERSION = YES;
				CLANG_WARN_COMMA = YES;
				CLANG_WARN_CONSTANT_CONVERSION = YES;
				CLANG_WARN_DEPRECATED_OBJC_IMPLEMENTATIONS = YES;
				CLANG_WARN_DIRECT_OBJC_ISA_USAGE = YES_ERROR;
				CLANG_WARN_DOCUMENTATION_COMMENTS = YES;
				CLANG_WARN_EMPTY_BODY = YES;
				CLANG_WARN_ENUM_CONVERSION = YES;
				CLANG_WARN_INFINITE_RECURSION = YES;
				CLANG_WARN_INT_CONVERSION = YES;
				CLANG_WARN_NON_LITERAL_NULL_CONVERSION = YES;
				CLANG_WARN_OBJC_IMPLICIT_RETAIN_SELF = YES;
				CLANG_WARN_OBJC_LITERAL_CONVERSION = YES;
				CLANG_WARN_OBJC_ROOT_CLASS = YES_ERROR;
				CLANG_WARN_QUOTED_INCLUDE_IN_FRAMEWORK_HEADER = YES;
				CLANG_WARN_RANGE_LOOP_ANALYSIS = YES;
				CLANG_WARN_STRICT_PROTOTYPES = YES;
				CLANG_WARN_SUSPICIOUS_MOVE = YES;
				CLANG_WARN_UNGUARDED_AVAILABILITY = YES_AGGRESSIVE;
				CLANG_WARN_UNREACHABLE_CODE = YES;
				CLANG_WARN__DUPLICATE_METHOD_MATCH = YES;
				COPY_PHASE_STRIP = NO;
				DEBUG_INFORMATION_FORMAT = dwarf;
				ENABLE_STRICT_OBJC_MSGSEND = YES;
				ENABLE_TESTABILITY = YES;
				ENABLE_USER_SCRIPT_SANDBOXING = NO;
				GCC_C_LANGUAGE_STANDARD = gnu17;
				GCC_DYNAMIC_NO_PIC = NO;
				GCC_NO_COMMON_BLOCKS = YES;
				GCC_OPTIMIZATION_LEVEL = 0;
				GCC_PREPROCESSOR_DEFINITIONS = (
					"DEBUG=1",
					"$(inherited)",
				);
				GCC_WARN_64_TO_32_BIT_CONVERSION = YES;
				GCC_WARN_ABOUT_RETURN_TYPE = YES_ERROR;
				GCC_WARN_UNDECLARED_SELECTOR = YES;
				GCC_WARN_UNINITIALIZED_AUTOS = YES_AGGRESSIVE;
				GCC_WARN_UNUSED_FUNCTION = YES;
				GCC_WARN_UNUSED_VARIABLE = YES;
				IPHONEOS_DEPLOYMENT_TARGET = 16.0;
				LOCALIZATION_PREFERS_STRING_CATALOGS = YES;
				MTL_ENABLE_DEBUG_INFO = INCLUDE_SOURCE;
				MTL_FAST_MATH = YES;
				ONLY_ACTIVE_ARCH = YES;
				SDKROOT = iphoneos;
				SWIFT_ACTIVE_COMPILATION_CONDITIONS = "DEBUG $(inherited)";
				SWIFT_OPTIMIZATION_LEVEL = "-Onone";
			};
			name = Debug;
		};
		A1000022000000000000001 /* Release */ = {
			isa = XCBuildConfiguration;
			buildSettings = {
				ALWAYS_SEARCH_USER_PATHS = NO;
				ASSETCATALOG_COMPILER_GENERATE_SWIFT_ASSET_SYMBOL_EXTENSIONS = YES;
				CLANG_ANALYZER_NONNULL = YES;
				CLANG_ANALYZER_NUMBER_OBJECT_CONVERSION = YES_AGGRESSIVE;
				CLANG_CXX_LANGUAGE_STANDARD = "gnu++20";
				CLANG_ENABLE_MODULES = YES;
				CLANG_ENABLE_OBJC_ARC = YES;
				CLANG_ENABLE_OBJC_WEAK = YES;
				CLANG_WARN_BLOCK_CAPTURE_AUTORELEASING = YES;
				CLANG_WARN_BOOL_CONVERSION = YES;
				CLANG_WARN_COMMA = YES;
				CLANG_WARN_CONSTANT_CONVERSION = YES;
				CLANG_WARN_DEPRECATED_OBJC_IMPLEMENTATIONS = YES;
				CLANG_WARN_DIRECT_OBJC_ISA_USAGE = YES_ERROR;
				CLANG_WARN_DOCUMENTATION_COMMENTS = YES;
				CLANG_WARN_EMPTY_BODY = YES;
				CLANG_WARN_ENUM_CONVERSION = YES;
				CLANG_WARN_INFINITE_RECURSION = YES;
				CLANG_WARN_INT_CONVERSION = YES;
				CLANG_WARN_NON_LITERAL_NULL_CONVERSION = YES;
				CLANG_WARN_OBJC_IMPLICIT_RETAIN_SELF = YES;
				CLANG_WARN_OBJC_LITERAL_CONVERSION = YES;
				CLANG_WARN_OBJC_ROOT_CLASS = YES_ERROR;
				CLANG_WARN_QUOTED_INCLUDE_IN_FRAMEWORK_HEADER = YES;
				CLANG_WARN_RANGE_LOOP_ANALYSIS = YES;
				CLANG_WARN_STRICT_PROTOTYPES = YES;
				CLANG_WARN_SUSPICIOUS_MOVE = YES;
				CLANG_WARN_UNGUARDED_AVAILABILITY = YES_AGGRESSIVE;
				CLANG_WARN_UNREACHABLE_CODE = YES;
				CLANG_WARN__DUPLICATE_METHOD_MATCH = YES;
				COPY_PHASE_STRIP = NO;
				DEBUG_INFORMATION_FORMAT = "dwarf-with-dsym";
				ENABLE_NS_ASSERTIONS = NO;
				ENABLE_STRICT_OBJC_MSGSEND = YES;
				ENABLE_USER_SCRIPT_SANDBOXING = NO;
				GCC_C_LANGUAGE_STANDARD = gnu17;
				GCC_NO_COMMON_BLOCKS = YES;
				GCC_WARN_64_TO_32_BIT_CONVERSION = YES;
				GCC_WARN_ABOUT_RETURN_TYPE = YES_ERROR;
				GCC_WARN_UNDECLARED_SELECTOR = YES;
				GCC_WARN_UNINITIALIZED_AUTOS = YES_AGGRESSIVE;
				GCC_WARN_UNUSED_FUNCTION = YES;
				GCC_WARN_UNUSED_VARIABLE = YES;
				IPHONEOS_DEPLOYMENT_TARGET = 16.0;
				LOCALIZATION_PREFERS_STRING_CATALOGS = YES;
				MTL_ENABLE_DEBUG_INFO = NO;
				MTL_FAST_MATH = YES;
				SDKROOT = iphoneos;
				SWIFT_COMPILATION_MODE = wholemodule;
				VALIDATE_PRODUCT = YES;
			};
			name = Release;
		};
		A1000023000000000000001 /* Debug */ = {
			isa = XCBuildConfiguration;
			baseConfigurationReference = 23A2E990B576D946BCCEC429 /* Pods-PhotoTidy-Toilet Buddy.debug.xcconfig */;
			buildSettings = {
				ASSETCATALOG_COMPILER_APPICON_NAME = AppIcon;
				ASSETCATALOG_COMPILER_GLOBAL_ACCENT_COLOR_NAME = AccentColor;
				CODE_SIGN_STYLE = Automatic;
				CURRENT_PROJECT_VERSION = 1;
				DEVELOPMENT_ASSET_PATHS = "";
				DEVELOPMENT_TEAM = KFV95PX9HR;
				ENABLE_PREVIEWS = YES;
				GENERATE_INFOPLIST_FILE = NO;
				INFOPLIST_FILE = Info.plist;
				INFOPLIST_KEY_UIApplicationSceneManifest_Generation = YES;
				INFOPLIST_KEY_UIApplicationSupportsIndirectInputEvents = YES;
				INFOPLIST_KEY_UILaunchScreen_Generation = YES;
				INFOPLIST_KEY_UISupportedInterfaceOrientations_iPad = "UIInterfaceOrientationPortrait UIInterfaceOrientationPortraitUpsideDown UIInterfaceOrientationLandscapeLeft UIInterfaceOrientationLandscapeRight";
				INFOPLIST_KEY_UISupportedInterfaceOrientations_iPhone = "UIInterfaceOrientationPortrait UIInterfaceOrientationLandscapeLeft UIInterfaceOrientationLandscapeRight";
				LD_RUNPATH_SEARCH_PATHS = (
					"$(inherited)",
					"@executable_path/Frameworks",
				);
				MARKETING_VERSION = 1.0;
				PRODUCT_BUNDLE_IDENTIFIER = com.phototidy.toiletbuddy;
				PRODUCT_NAME = "$(TARGET_NAME)";
				SWIFT_EMIT_LOC_STRINGS = YES;
				SWIFT_VERSION = 5.0;
				TARGETED_DEVICE_FAMILY = "1,2";
			};
			name = Debug;
		};
		A1000024000000000000001 /* Release */ = {
			isa = XCBuildConfiguration;
			baseConfigurationReference = C3F7062DCAA2022517302655 /* Pods-PhotoTidy-Toilet Buddy.release.xcconfig */;
			buildSettings = {
				ASSETCATALOG_COMPILER_APPICON_NAME = AppIcon;
				ASSETCATALOG_COMPILER_GLOBAL_ACCENT_COLOR_NAME = AccentColor;
				CODE_SIGN_STYLE = Automatic;
				CURRENT_PROJECT_VERSION = 1;
				DEVELOPMENT_ASSET_PATHS = "";
				DEVELOPMENT_TEAM = KFV95PX9HR;
				ENABLE_PREVIEWS = YES;
				GENERATE_INFOPLIST_FILE = NO;
				INFOPLIST_FILE = Info.plist;
				INFOPLIST_KEY_UIApplicationSceneManifest_Generation = YES;
				INFOPLIST_KEY_UIApplicationSupportsIndirectInputEvents = YES;
				INFOPLIST_KEY_UILaunchScreen_Generation = YES;
				INFOPLIST_KEY_UISupportedInterfaceOrientations_iPad = "UIInterfaceOrientationPortrait UIInterfaceOrientationPortraitUpsideDown UIInterfaceOrientationLandscapeLeft UIInterfaceOrientationLandscapeRight";
				INFOPLIST_KEY_UISupportedInterfaceOrientations_iPhone = "UIInterfaceOrientationPortrait UIInterfaceOrientationLandscapeLeft UIInterfaceOrientationLandscapeRight";
				LD_RUNPATH_SEARCH_PATHS = (
					"$(inherited)",
					"@executable_path/Frameworks",
				);
				MARKETING_VERSION = 1.0;
				PRODUCT_BUNDLE_IDENTIFIER = com.phototidy.toiletbuddy;
				PRODUCT_NAME = "$(TARGET_NAME)";
				SWIFT_EMIT_LOC_STRINGS = YES;
				SWIFT_VERSION = 5.0;
				TARGETED_DEVICE_FAMILY = "1,2";
			};
			name = Release;
		};
/* End XCBuildConfiguration section */

/* Begin XCConfigurationList section */
		A1000016000000000000001 /* Build configuration list for PBXNativeTarget "PhotoTidy-Toilet Buddy" */ = {
			isa = XCConfigurationList;
			buildConfigurations = (
				A1000023000000000000001 /* Debug */,
				A1000024000000000000001 /* Release */,
			);
			defaultConfigurationIsVisible = 0;
			defaultConfigurationName = Release;
		};
		A1000020000000000000001 /* Build configuration list for PBXProject "PhotoTidy-Toilet Buddy" */ = {
			isa = XCConfigurationList;
			buildConfigurations = (
				A1000021000000000000001 /* Debug */,
				A1000022000000000000001 /* Release */,
			);
			defaultConfigurationIsVisible = 0;
			defaultConfigurationName = Release;
		};
/* End XCConfigurationList section */
	};
	rootObject = A1000019000000000000001 /* Project object */;
}
